
Microsoft Visual Studio Solution File, Format Version 12.00
# Visual Studio Express 2012 for Windows Desktop
Project("{FAE04EC0-301F-11D3-BF4B-00C04F79EFBC}") = "Space Cube Adventures", "Space Cube Adventures.csproj", "{A91928B7-8CA8-4AC1-AE01-EA9605B58970}"
EndProject
Global
	GlobalSection(SolutionConfigurationPlatforms) = preSolution
		Debug|Any CPU = Debug|Any CPU
		Release|Any CPU = Release|Any CPU
	EndGlobalSection
	GlobalSection(ProjectConfigurationPlatforms) = postSolution
		{A91928B7-8CA8-4AC1-AE01-EA9605B58970}.Debug|Any CPU.ActiveCfg = Debug|Any CPU
		{A91928B7-8CA8-4AC1-AE01-EA9605B58970}.Debug|Any CPU.Build.0 = Debug|Any CPU
		{A91928B7-8CA8-4AC1-AE01-EA9605B58970}.Release|Any CPU.ActiveCfg = Release|Any CPU
		{A91928B7-8CA8-4AC1-AE01-EA9605B58970}.Release|Any CPU.Build.0 = Release|Any CPU
	EndGlobalSection
	GlobalSection(SolutionProperties) = preSolution
		HideSolutionNode = FALSE
	EndGlobalSection
EndGlobal
