
Microsoft Visual Studio Solution File, Format Version 12.00
# Visual Studio Express 2012 for Windows Desktop
Project("{FAE04EC0-301F-11D3-BF4B-00C04F79EFBC}") = "Nim", "Nim\Nim.csproj", "{586C712F-9165-40F5-A50D-D2492A63B54F}"
EndProject
Project("{FAE04EC0-301F-11D3-BF4B-00C04F79EFBC}") = "WindowsFormsApplication1", "WindowsFormsApplication1\WindowsFormsApplication1.csproj", "{A0800B22-B9DB-4363-8E3C-4FD5EA55C78A}"
EndProject
Global
	GlobalSection(SolutionConfigurationPlatforms) = preSolution
		Debug|Any CPU = Debug|Any CPU
		Release|Any CPU = Release|Any CPU
	EndGlobalSection
	GlobalSection(ProjectConfigurationPlatforms) = postSolution
		{586C712F-9165-40F5-A50D-D2492A63B54F}.Debug|Any CPU.ActiveCfg = Debug|Any CPU
		{586C712F-9165-40F5-A50D-D2492A63B54F}.Debug|Any CPU.Build.0 = Debug|Any CPU
		{586C712F-9165-40F5-A50D-D2492A63B54F}.Release|Any CPU.ActiveCfg = Release|Any CPU
		{586C712F-9165-40F5-A50D-D2492A63B54F}.Release|Any CPU.Build.0 = Release|Any CPU
		{A0800B22-B9DB-4363-8E3C-4FD5EA55C78A}.Debug|Any CPU.ActiveCfg = Debug|Any CPU
		{A0800B22-B9DB-4363-8E3C-4FD5EA55C78A}.Debug|Any CPU.Build.0 = Debug|Any CPU
		{A0800B22-B9DB-4363-8E3C-4FD5EA55C78A}.Release|Any CPU.ActiveCfg = Release|Any CPU
		{A0800B22-B9DB-4363-8E3C-4FD5EA55C78A}.Release|Any CPU.Build.0 = Release|Any CPU
	EndGlobalSection
	GlobalSection(SolutionProperties) = preSolution
		HideSolutionNode = FALSE
	EndGlobalSection
EndGlobal
